
Microsoft Visual Studio Solution File, Format Version 12.00
# Visual Studio Version 17
VisualStudioVersion = 17.12.35707.178 d17.12
MinimumVisualStudioVersion = 10.0.40219.1
Project("{FAE04EC0-301F-11D3-BF4B-00C04F79EFBC}") = "CVSite.API", "CVSite.API\CVSite.API.csproj", "{33AFEB26-F691-46A7-8DB6-FBDDA86EA14A}"
EndProject
Project("{FAE04EC0-301F-11D3-BF4B-00C04F79EFBC}") = "CVSite.Service", "CVSite.Service\CVSite.Service.csproj", "{91CD06CE-6A06-4C49-92FF-075922E73F81}"
EndProject
Global
	GlobalSection(SolutionConfigurationPlatforms) = preSolution
		Debug|Any CPU = Debug|Any CPU
		Release|Any CPU = Release|Any CPU
	EndGlobalSection
	GlobalSection(ProjectConfigurationPlatforms) = postSolution
		{33AFEB26-F691-46A7-8DB6-FBDDA86EA14A}.Debug|Any CPU.ActiveCfg = Debug|Any CPU
		{33AFEB26-F691-46A7-8DB6-FBDDA86EA14A}.Debug|Any CPU.Build.0 = Debug|Any CPU
		{33AFEB26-F691-46A7-8DB6-FBDDA86EA14A}.Release|Any CPU.ActiveCfg = Release|Any CPU
		{33AFEB26-F691-46A7-8DB6-FBDDA86EA14A}.Release|Any CPU.Build.0 = Release|Any CPU
		{91CD06CE-6A06-4C49-92FF-075922E73F81}.Debug|Any CPU.ActiveCfg = Debug|Any CPU
		{91CD06CE-6A06-4C49-92FF-075922E73F81}.Debug|Any CPU.Build.0 = Debug|Any CPU
		{91CD06CE-6A06-4C49-92FF-075922E73F81}.Release|Any CPU.ActiveCfg = Release|Any CPU
		{91CD06CE-6A06-4C49-92FF-075922E73F81}.Release|Any CPU.Build.0 = Release|Any CPU
	EndGlobalSection
	GlobalSection(SolutionProperties) = preSolution
		HideSolutionNode = FALSE
	EndGlobalSection
EndGlobal
